
Microsoft Visual Studio Solution File, Format Version 12.00
# Visual Studio Express 2012 for Windows Desktop
Project("{FAE04EC0-301F-11D3-BF4B-00C04F79EFBC}") = "SocketServer", "SocketServer\SocketServer.csproj", "{8C08EACB-3AAB-40E3-B117-408C23436289}"
EndProject
Global
	GlobalSection(SolutionConfigurationPlatforms) = preSolution
		Debug|Any CPU = Debug|Any CPU
		Release|Any CPU = Release|Any CPU
	EndGlobalSection
	GlobalSection(ProjectConfigurationPlatforms) = postSolution
		{8C08EACB-3AAB-40E3-B117-408C23436289}.Debug|Any CPU.ActiveCfg = Debug|Any CPU
		{8C08EACB-3AAB-40E3-B117-408C23436289}.Debug|Any CPU.Build.0 = Debug|Any CPU
		{8C08EACB-3AAB-40E3-B117-408C23436289}.Release|Any CPU.ActiveCfg = Release|Any CPU
		{8C08EACB-3AAB-40E3-B117-408C23436289}.Release|Any CPU.Build.0 = Release|Any CPU
	EndGlobalSection
	GlobalSection(SolutionProperties) = preSolution
		HideSolutionNode = FALSE
	EndGlobalSection
EndGlobal
